<?xml version="1.0" encoding="utf-8"?>
<Project ToolsVersion="4.0" xmlns="http://schemas.microsoft.com/developer/msbuild/2003">
  <ItemGroup>
    <ClCompile Include="..\SDK_ProcAmp_CPU.cpp" />
    <ClCompile Include="..\SDK_ProcAmp_GPU.cpp" />
    <ClCompile Include="..\..\Utils\DirectXUtils.cpp">
      <Filter>Utils</Filter>
    </ClCompile>
  </ItemGroup>
  <ItemGroup>
    <ClInclude Include="..\SDK_ProcAmp.h" />
    <ClInclude Include="..\..\Utils\PrGPUFilterModule.h" />
    <ClInclude Include="..\..\..\..\Headers\PrSDKGPUDeviceSuite.h">
      <Filter>Header Files</Filter>
    </ClInclude>
    <ClInclude Include="..\..\..\..\Headers\PrSDKGPUFilter.h">
      <Filter>Header Files</Filter>
    </ClInclude>
    <ClInclude Include="..\..\..\..\Headers\PrSDKGPUImageProcessingSuite.h">
      <Filter>Header Files</Filter>
    </ClInclude>
    <ClInclude Include="..\..\..\..\Headers\PrSDKPixelFormat.h">
      <Filter>Header Files</Filter>
    </ClInclude>
    <ClInclude Include="..\..\Utils\DirectXUtils.h">
      <Filter>Utils</Filter>
    </ClInclude>
    <ClInclude Include="..\..\..\..\..\..\..\..\..\..\Downloads\d3dx12.h">
      <Filter>Utils</Filter>
    </ClInclude>
  </ItemGroup>
  <ItemGroup>
    <Filter Include="Header Files">
      <UniqueIdentifier>{98628b71-fa85-470e-88c5-327f0d09b9b4}</UniqueIdentifier>
    </Filter>
    <Filter Include="Resource Files">
      <UniqueIdentifier>{41791b72-fc7f-4c10-a49a-e2b3e070b5eb}</UniqueIdentifier>
    </Filter>
    <Filter Include="Utils">
      <UniqueIdentifier>{e04e205c-b5d7-4104-b246-a67cb899f2a8}</UniqueIdentifier>
    </Filter>
  </ItemGroup>
  <ItemGroup>
    <CustomBuild Include="..\SDK_ProcAmp.r">
      <Filter>Resource Files</Filter>
    </CustomBuild>
    <CustomBuild Include="..\SDK_ProcAmp.cl" />
  </ItemGroup>
  <ItemGroup>
    <ResourceCompile Include="..\SDK_ProcAmp.rc">
      <Filter>Resource Files</Filter>
    </ResourceCompile>
  </ItemGroup>
  <ItemGroup>
    <CustomBuild Include="..\SDK_ProcAmp.hlsl" />
  </ItemGroup>
  <ItemGroup>
    <Text Include="..\readme.txt" />
  </ItemGroup>
</Project>